
Microsoft Visual Studio Solution File, Format Version 12.00
# Visual Studio 15
VisualStudioVersion = 15.0.26730.8
MinimumVisualStudioVersion = 10.0.40219.1
Project("{F184B08F-C81C-45F6-A57F-5ABD9991F28F}") = "MyFirst_Alcantara", "MyFirst_Alcantara\MyFirst_Alcantara.vbproj", "{A9E122C7-16EC-414D-A18D-C9E35EDFDB81}"
EndProject
Global
	GlobalSection(SolutionConfigurationPlatforms) = preSolution
		Debug|Any CPU = Debug|Any CPU
		Release|Any CPU = Release|Any CPU
	EndGlobalSection
	GlobalSection(ProjectConfigurationPlatforms) = postSolution
		{A9E122C7-16EC-414D-A18D-C9E35EDFDB81}.Debug|Any CPU.ActiveCfg = Debug|Any CPU
		{A9E122C7-16EC-414D-A18D-C9E35EDFDB81}.Debug|Any CPU.Build.0 = Debug|Any CPU
		{A9E122C7-16EC-414D-A18D-C9E35EDFDB81}.Release|Any CPU.ActiveCfg = Release|Any CPU
		{A9E122C7-16EC-414D-A18D-C9E35EDFDB81}.Release|Any CPU.Build.0 = Release|Any CPU
	EndGlobalSection
	GlobalSection(SolutionProperties) = preSolution
		HideSolutionNode = FALSE
	EndGlobalSection
	GlobalSection(ExtensibilityGlobals) = postSolution
		SolutionGuid = {A94BF233-A9E8-4983-9DD6-FF0305AA0DD3}
	EndGlobalSection
EndGlobal
